
Microsoft Visual Studio Solution File, Format Version 12.00
# Visual Studio 2012
Project("{FAE04EC0-301F-11D3-BF4B-00C04F79EFBC}") = "kevoree-dotnet-core-bootstrap", "kevoree-dotnet-core-bootstrap.csproj", "{792DDF3A-9124-4925-83BA-C0192F566C3C}"
EndProject
Project("{FAE04EC0-301F-11D3-BF4B-00C04F79EFBC}") = "YieldVersion", "..\kevoree-dotnet-comp-yield-version\YieldVersion.csproj", "{AD3C2F49-5C3B-46D3-A283-600FE11A0AA0}"
EndProject
Global
	GlobalSection(SolutionConfigurationPlatforms) = preSolution
		Debug|Any CPU = Debug|Any CPU
		Release|Any CPU = Release|Any CPU
	EndGlobalSection
	GlobalSection(ProjectConfigurationPlatforms) = postSolution
		{792DDF3A-9124-4925-83BA-C0192F566C3C}.Debug|Any CPU.ActiveCfg = Debug|Any CPU
		{792DDF3A-9124-4925-83BA-C0192F566C3C}.Debug|Any CPU.Build.0 = Debug|Any CPU
		{792DDF3A-9124-4925-83BA-C0192F566C3C}.Release|Any CPU.ActiveCfg = Release|Any CPU
		{792DDF3A-9124-4925-83BA-C0192F566C3C}.Release|Any CPU.Build.0 = Release|Any CPU
		{AD3C2F49-5C3B-46D3-A283-600FE11A0AA0}.Debug|Any CPU.ActiveCfg = Debug|Any CPU
		{AD3C2F49-5C3B-46D3-A283-600FE11A0AA0}.Debug|Any CPU.Build.0 = Debug|Any CPU
		{AD3C2F49-5C3B-46D3-A283-600FE11A0AA0}.Release|Any CPU.ActiveCfg = Release|Any CPU
		{AD3C2F49-5C3B-46D3-A283-600FE11A0AA0}.Release|Any CPU.Build.0 = Release|Any CPU
	EndGlobalSection
EndGlobal
